// !$*UTF8*$!
{
	archiveVersion = 1;
	classes = {
	};
	objectVersion = 46;
	objects = {

/* Begin PBXBuildFile section */
		36649355144E514100A999D2 /* PlayerDetailsViewController.m in Sources */ = {isa = PBXBuildFile; fileRef = 36649354144E514100A999D2 /* PlayerDetailsViewController.m */; };
		36649359144EAE9700A999D2 /* GamePickerViewController.m in Sources */ = {isa = PBXBuildFile; fileRef = 36649358144EAE9700A999D2 /* GamePickerViewController.m */; };
		36780910144CE70A00893856 /* UIKit.framework in Frameworks */ = {isa = PBXBuildFile; fileRef = 3678090F144CE70A00893856 /* UIKit.framework */; };
		36780912144CE70A00893856 /* Foundation.framework in Frameworks */ = {isa = PBXBuildFile; fileRef = 36780911144CE70A00893856 /* Foundation.framework */; };
		36780914144CE70A00893856 /* CoreGraphics.framework in Frameworks */ = {isa = PBXBuildFile; fileRef = 36780913144CE70A00893856 /* CoreGraphics.framework */; };
		3678091A144CE70A00893856 /* InfoPlist.strings in Resources */ = {isa = PBXBuildFile; fileRef = 36780918144CE70A00893856 /* InfoPlist.strings */; };
		3678091C144CE70A00893856 /* main.m in Sources */ = {isa = PBXBuildFile; fileRef = 3678091B144CE70A00893856 /* main.m */; };
		36780920144CE70A00893856 /* AppDelegate.m in Sources */ = {isa = PBXBuildFile; fileRef = 3678091F144CE70A00893856 /* AppDelegate.m */; };
		36780923144CE70A00893856 /* MainStoryboard.storyboard in Resources */ = {isa = PBXBuildFile; fileRef = 36780921144CE70A00893856 /* MainStoryboard.storyboard */; };
		36780926144CE70A00893856 /* ViewController.m in Sources */ = {isa = PBXBuildFile; fileRef = 36780925144CE70A00893856 /* ViewController.m */; };
		36780945144D241400893856 /* 1Star.png in Resources */ = {isa = PBXBuildFile; fileRef = 3678092D144D241400893856 /* 1Star.png */; };
		36780946144D241400893856 /* 1Star@2x.png in Resources */ = {isa = PBXBuildFile; fileRef = 3678092E144D241400893856 /* 1Star@2x.png */; };
		36780947144D241400893856 /* 1StarSmall.png in Resources */ = {isa = PBXBuildFile; fileRef = 3678092F144D241400893856 /* 1StarSmall.png */; };
		36780948144D241400893856 /* 1StarSmall@2x.png in Resources */ = {isa = PBXBuildFile; fileRef = 36780930144D241400893856 /* 1StarSmall@2x.png */; };
		36780949144D241400893856 /* 2Stars.png in Resources */ = {isa = PBXBuildFile; fileRef = 36780931144D241400893856 /* 2Stars.png */; };
		3678094A144D241400893856 /* 2Stars@2x.png in Resources */ = {isa = PBXBuildFile; fileRef = 36780932144D241400893856 /* 2Stars@2x.png */; };
		3678094B144D241400893856 /* 2StarsSmall.png in Resources */ = {isa = PBXBuildFile; fileRef = 36780933144D241400893856 /* 2StarsSmall.png */; };
		3678094C144D241400893856 /* 2StarsSmall@2x.png in Resources */ = {isa = PBXBuildFile; fileRef = 36780934144D241400893856 /* 2StarsSmall@2x.png */; };
		3678094D144D241400893856 /* 3Stars.png in Resources */ = {isa = PBXBuildFile; fileRef = 36780935144D241400893856 /* 3Stars.png */; };
		3678094E144D241400893856 /* 3Stars@2x.png in Resources */ = {isa = PBXBuildFile; fileRef = 36780936144D241400893856 /* 3Stars@2x.png */; };
		3678094F144D241400893856 /* 3StarsSmall.png in Resources */ = {isa = PBXBuildFile; fileRef = 36780937144D241400893856 /* 3StarsSmall.png */; };
		36780950144D241400893856 /* 3StarsSmall@2x.png in Resources */ = {isa = PBXBuildFile; fileRef = 36780938144D241400893856 /* 3StarsSmall@2x.png */; };
		36780951144D241400893856 /* 4Stars.png in Resources */ = {isa = PBXBuildFile; fileRef = 36780939144D241400893856 /* 4Stars.png */; };
		36780952144D241400893856 /* 4Stars@2x.png in Resources */ = {isa = PBXBuildFile; fileRef = 3678093A144D241400893856 /* 4Stars@2x.png */; };
		36780953144D241400893856 /* 4StarsSmall.png in Resources */ = {isa = PBXBuildFile; fileRef = 3678093B144D241400893856 /* 4StarsSmall.png */; };
		36780954144D241400893856 /* 4StarsSmall@2x.png in Resources */ = {isa = PBXBuildFile; fileRef = 3678093C144D241400893856 /* 4StarsSmall@2x.png */; };
		36780955144D241400893856 /* 5Stars.png in Resources */ = {isa = PBXBuildFile; fileRef = 3678093D144D241400893856 /* 5Stars.png */; };
		36780956144D241400893856 /* 5Stars@2x.png in Resources */ = {isa = PBXBuildFile; fileRef = 3678093E144D241400893856 /* 5Stars@2x.png */; };
		36780957144D241400893856 /* 5StarsSmall.png in Resources */ = {isa = PBXBuildFile; fileRef = 3678093F144D241400893856 /* 5StarsSmall.png */; };
		36780958144D241400893856 /* 5StarsSmall@2x.png in Resources */ = {isa = PBXBuildFile; fileRef = 36780940144D241400893856 /* 5StarsSmall@2x.png */; };
		36780959144D241400893856 /* Gestures.png in Resources */ = {isa = PBXBuildFile; fileRef = 36780941144D241400893856 /* Gestures.png */; };
		3678095A144D241400893856 /* Gestures@2x.png in Resources */ = {isa = PBXBuildFile; fileRef = 36780942144D241400893856 /* Gestures@2x.png */; };
		3678095B144D241400893856 /* Players.png in Resources */ = {isa = PBXBuildFile; fileRef = 36780943144D241400893856 /* Players.png */; };
		3678095C144D241400893856 /* Players@2x.png in Resources */ = {isa = PBXBuildFile; fileRef = 36780944144D241400893856 /* Players@2x.png */; };
		3678095F144D25E500893856 /* PlayersViewController.m in Sources */ = {isa = PBXBuildFile; fileRef = 3678095E144D25E500893856 /* PlayersViewController.m */; };
		36780962144D265B00893856 /* Player.m in Sources */ = {isa = PBXBuildFile; fileRef = 36780961144D265B00893856 /* Player.m */; };
		3678096F144D44B100893856 /* PlayerCell.m in Sources */ = {isa = PBXBuildFile; fileRef = 3678096E144D44B100893856 /* PlayerCell.m */; };
/* End PBXBuildFile section */

/* Begin PBXFileReference section */
		36649353144E514100A999D2 /* PlayerDetailsViewController.h */ = {isa = PBXFileReference; fileEncoding = 4; lastKnownFileType = sourcecode.c.h; path = PlayerDetailsViewController.h; sourceTree = "<group>"; };
		36649354144E514100A999D2 /* PlayerDetailsViewController.m */ = {isa = PBXFileReference; fileEncoding = 4; lastKnownFileType = sourcecode.c.objc; path = PlayerDetailsViewController.m; sourceTree = "<group>"; };
		36649357144EAE9700A999D2 /* GamePickerViewController.h */ = {isa = PBXFileReference; fileEncoding = 4; lastKnownFileType = sourcecode.c.h; path = GamePickerViewController.h; sourceTree = "<group>"; };
		36649358144EAE9700A999D2 /* GamePickerViewController.m */ = {isa = PBXFileReference; fileEncoding = 4; lastKnownFileType = sourcecode.c.objc; path = GamePickerViewController.m; sourceTree = "<group>"; };
		3678090B144CE70A00893856 /* CompleteRatings.app */ = {isa = PBXFileReference; explicitFileType = wrapper.application; includeInIndex = 0; path = CompleteRatings.app; sourceTree = BUILT_PRODUCTS_DIR; };
		3678090F144CE70A00893856 /* UIKit.framework */ = {isa = PBXFileReference; lastKnownFileType = wrapper.framework; name = UIKit.framework; path = System/Library/Frameworks/UIKit.framework; sourceTree = SDKROOT; };
		36780911144CE70A00893856 /* Foundation.framework */ = {isa = PBXFileReference; lastKnownFileType = wrapper.framework; name = Foundation.framework; path = System/Library/Frameworks/Foundation.framework; sourceTree = SDKROOT; };
		36780913144CE70A00893856 /* CoreGraphics.framework */ = {isa = PBXFileReference; lastKnownFileType = wrapper.framework; name = CoreGraphics.framework; path = System/Library/Frameworks/CoreGraphics.framework; sourceTree = SDKROOT; };
		36780917144CE70A00893856 /* CompleteRatings-Info.plist */ = {isa = PBXFileReference; lastKnownFileType = text.plist.xml; path = "CompleteRatings-Info.plist"; sourceTree = "<group>"; };
		36780919144CE70A00893856 /* en */ = {isa = PBXFileReference; lastKnownFileType = text.plist.strings; name = en; path = en.lproj/InfoPlist.strings; sourceTree = "<group>"; };
		3678091B144CE70A00893856 /* main.m */ = {isa = PBXFileReference; lastKnownFileType = sourcecode.c.objc; path = main.m; sourceTree = "<group>"; };
		3678091D144CE70A00893856 /* CompleteRatings-Prefix.pch */ = {isa = PBXFileReference; lastKnownFileType = sourcecode.c.h; path = "CompleteRatings-Prefix.pch"; sourceTree = "<group>"; };
		3678091E144CE70A00893856 /* AppDelegate.h */ = {isa = PBXFileReference; lastKnownFileType = sourcecode.c.h; path = AppDelegate.h; sourceTree = "<group>"; };
		3678091F144CE70A00893856 /* AppDelegate.m */ = {isa = PBXFileReference; lastKnownFileType = sourcecode.c.objc; path = AppDelegate.m; sourceTree = "<group>"; };
		36780922144CE70A00893856 /* en */ = {isa = PBXFileReference; lastKnownFileType = file.storyboard; name = en; path = en.lproj/MainStoryboard.storyboard; sourceTree = "<group>"; };
		36780924144CE70A00893856 /* ViewController.h */ = {isa = PBXFileReference; lastKnownFileType = sourcecode.c.h; path = ViewController.h; sourceTree = "<group>"; };
		36780925144CE70A00893856 /* ViewController.m */ = {isa = PBXFileReference; lastKnownFileType = sourcecode.c.objc; path = ViewController.m; sourceTree = "<group>"; };
		3678092D144D241400893856 /* 1Star.png */ = {isa = PBXFileReference; lastKnownFileType = image.png; path = 1Star.png; sourceTree = "<group>"; };
		3678092E144D241400893856 /* 1Star@2x.png */ = {isa = PBXFileReference; lastKnownFileType = image.png; path = "1Star@2x.png"; sourceTree = "<group>"; };
		3678092F144D241400893856 /* 1StarSmall.png */ = {isa = PBXFileReference; lastKnownFileType = image.png; path = 1StarSmall.png; sourceTree = "<group>"; };
		36780930144D241400893856 /* 1StarSmall@2x.png */ = {isa = PBXFileReference; lastKnownFileType = image.png; path = "1StarSmall@2x.png"; sourceTree = "<group>"; };
		36780931144D241400893856 /* 2Stars.png */ = {isa = PBXFileReference; lastKnownFileType = image.png; path = 2Stars.png; sourceTree = "<group>"; };
		36780932144D241400893856 /* 2Stars@2x.png */ = {isa = PBXFileReference; lastKnownFileType = image.png; path = "2Stars@2x.png"; sourceTree = "<group>"; };
		36780933144D241400893856 /* 2StarsSmall.png */ = {isa = PBXFileReference; lastKnownFileType = image.png; path = 2StarsSmall.png; sourceTree = "<group>"; };
		36780934144D241400893856 /* 2StarsSmall@2x.png */ = {isa = PBXFileReference; lastKnownFileType = image.png; path = "2StarsSmall@2x.png"; sourceTree = "<group>"; };
		36780935144D241400893856 /* 3Stars.png */ = {isa = PBXFileReference; lastKnownFileType = image.png; path = 3Stars.png; sourceTree = "<group>"; };
		36780936144D241400893856 /* 3Stars@2x.png */ = {isa = PBXFileReference; lastKnownFileType = image.png; path = "3Stars@2x.png"; sourceTree = "<group>"; };
		36780937144D241400893856 /* 3StarsSmall.png */ = {isa = PBXFileReference; lastKnownFileType = image.png; path = 3StarsSmall.png; sourceTree = "<group>"; };
		36780938144D241400893856 /* 3StarsSmall@2x.png */ = {isa = PBXFileReference; lastKnownFileType = image.png; path = "3StarsSmall@2x.png"; sourceTree = "<group>"; };
		36780939144D241400893856 /* 4Stars.png */ = {isa = PBXFileReference; lastKnownFileType = image.png; path = 4Stars.png; sourceTree = "<group>"; };
		3678093A144D241400893856 /* 4Stars@2x.png */ = {isa = PBXFileReference; lastKnownFileType = image.png; path = "4Stars@2x.png"; sourceTree = "<group>"; };
		3678093B144D241400893856 /* 4StarsSmall.png */ = {isa = PBXFileReference; lastKnownFileType = image.png; path = 4StarsSmall.png; sourceTree = "<group>"; };
		3678093C144D241400893856 /* 4StarsSmall@2x.png */ = {isa = PBXFileReference; lastKnownFileType = image.png; path = "4StarsSmall@2x.png"; sourceTree = "<group>"; };
		3678093D144D241400893856 /* 5Stars.png */ = {isa = PBXFileReference; lastKnownFileType = image.png; path = 5Stars.png; sourceTree = "<group>"; };
		3678093E144D241400893856 /* 5Stars@2x.png */ = {isa = PBXFileReference; lastKnownFileType = image.png; path = "5Stars@2x.png"; sourceTree = "<group>"; };
		3678093F144D241400893856 /* 5StarsSmall.png */ = {isa = PBXFileReference; lastKnownFileType = image.png; path = 5StarsSmall.png; sourceTree = "<group>"; };
		36780940144D241400893856 /* 5StarsSmall@2x.png */ = {isa = PBXFileReference; lastKnownFileType = image.png; path = "5StarsSmall@2x.png"; sourceTree = "<group>"; };
		36780941144D241400893856 /* Gestures.png */ = {isa = PBXFileReference; lastKnownFileType = image.png; path = Gestures.png; sourceTree = "<group>"; };
		36780942144D241400893856 /* Gestures@2x.png */ = {isa = PBXFileReference; lastKnownFileType = image.png; path = "Gestures@2x.png"; sourceTree = "<group>"; };
		36780943144D241400893856 /* Players.png */ = {isa = PBXFileReference; lastKnownFileType = image.png; path = Players.png; sourceTree = "<group>"; };
		36780944144D241400893856 /* Players@2x.png */ = {isa = PBXFileReference; lastKnownFileType = image.png; path = "Players@2x.png"; sourceTree = "<group>"; };
		3678095D144D25E500893856 /* PlayersViewController.h */ = {isa = PBXFileReference; fileEncoding = 4; lastKnownFileType = sourcecode.c.h; path = PlayersViewController.h; sourceTree = "<group>"; };
		3678095E144D25E500893856 /* PlayersViewController.m */ = {isa = PBXFileReference; fileEncoding = 4; lastKnownFileType = sourcecode.c.objc; path = PlayersViewController.m; sourceTree = "<group>"; };
		36780960144D265B00893856 /* Player.h */ = {isa = PBXFileReference; fileEncoding = 4; lastKnownFileType = sourcecode.c.h; path = Player.h; sourceTree = "<group>"; };
		36780961144D265B00893856 /* Player.m */ = {isa = PBXFileReference; fileEncoding = 4; lastKnownFileType = sourcecode.c.objc; path = Player.m; sourceTree = "<group>"; };
		3678096D144D44B100893856 /* PlayerCell.h */ = {isa = PBXFileReference; fileEncoding = 4; lastKnownFileType = sourcecode.c.h; path = PlayerCell.h; sourceTree = "<group>"; };
		3678096E144D44B100893856 /* PlayerCell.m */ = {isa = PBXFileReference; fileEncoding = 4; lastKnownFileType = sourcecode.c.objc; path = PlayerCell.m; sourceTree = "<group>"; };
/* End PBXFileReference section */

/* Begin PBXFrameworksBuildPhase section */
		36780908144CE70A00893856 /* Frameworks */ = {
			isa = PBXFrameworksBuildPhase;
			buildActionMask = 2147483647;
			files = (
				36780910144CE70A00893856 /* UIKit.framework in Frameworks */,
				36780912144CE70A00893856 /* Foundation.framework in Frameworks */,
				36780914144CE70A00893856 /* CoreGraphics.framework in Frameworks */,
			);
			runOnlyForDeploymentPostprocessing = 0;
		};
/* End PBXFrameworksBuildPhase section */

/* Begin PBXGroup section */
		36780900144CE70A00893856 = {
			isa = PBXGroup;
			children = (
				36780915144CE70A00893856 /* CompleteRatings */,
				3678090E144CE70A00893856 /* Frameworks */,
				3678090C144CE70A00893856 /* Products */,
			);
			sourceTree = "<group>";
		};
		3678090C144CE70A00893856 /* Products */ = {
			isa = PBXGroup;
			children = (
				3678090B144CE70A00893856 /* CompleteRatings.app */,
			);
			name = Products;
			sourceTree = "<group>";
		};
		3678090E144CE70A00893856 /* Frameworks */ = {
			isa = PBXGroup;
			children = (
				3678090F144CE70A00893856 /* UIKit.framework */,
				36780911144CE70A00893856 /* Foundation.framework */,
				36780913144CE70A00893856 /* CoreGraphics.framework */,
			);
			name = Frameworks;
			sourceTree = "<group>";
		};
		36780915144CE70A00893856 /* CompleteRatings */ = {
			isa = PBXGroup;
			children = (
				36780960144D265B00893856 /* Player.h */,
				36780961144D265B00893856 /* Player.m */,
				3678095D144D25E500893856 /* PlayersViewController.h */,
				3678095E144D25E500893856 /* PlayersViewController.m */,
				3678096D144D44B100893856 /* PlayerCell.h */,
				3678096E144D44B100893856 /* PlayerCell.m */,
				3678091E144CE70A00893856 /* AppDelegate.h */,
				3678091F144CE70A00893856 /* AppDelegate.m */,
				36780921144CE70A00893856 /* MainStoryboard.storyboard */,
				36649357144EAE9700A999D2 /* GamePickerViewController.h */,
				36649358144EAE9700A999D2 /* GamePickerViewController.m */,
				36649353144E514100A999D2 /* PlayerDetailsViewController.h */,
				36649354144E514100A999D2 /* PlayerDetailsViewController.m */,
				36780924144CE70A00893856 /* ViewController.h */,
				36780925144CE70A00893856 /* ViewController.m */,
				36780916144CE70A00893856 /* Supporting Files */,
			);
			path = CompleteRatings;
			sourceTree = "<group>";
		};
		36780916144CE70A00893856 /* Supporting Files */ = {
			isa = PBXGroup;
			children = (
				3678092C144D241400893856 /* Images */,
				36780917144CE70A00893856 /* CompleteRatings-Info.plist */,
				36780918144CE70A00893856 /* InfoPlist.strings */,
				3678091B144CE70A00893856 /* main.m */,
				3678091D144CE70A00893856 /* CompleteRatings-Prefix.pch */,
			);
			name = "Supporting Files";
			sourceTree = "<group>";
		};
		3678092C144D241400893856 /* Images */ = {
			isa = PBXGroup;
			children = (
				3678092D144D241400893856 /* 1Star.png */,
				3678092E144D241400893856 /* 1Star@2x.png */,
				3678092F144D241400893856 /* 1StarSmall.png */,
				36780930144D241400893856 /* 1StarSmall@2x.png */,
				36780931144D241400893856 /* 2Stars.png */,
				36780932144D241400893856 /* 2Stars@2x.png */,
				36780933144D241400893856 /* 2StarsSmall.png */,
				36780934144D241400893856 /* 2StarsSmall@2x.png */,
				36780935144D241400893856 /* 3Stars.png */,
				36780936144D241400893856 /* 3Stars@2x.png */,
				36780937144D241400893856 /* 3StarsSmall.png */,
				36780938144D241400893856 /* 3StarsSmall@2x.png */,
				36780939144D241400893856 /* 4Stars.png */,
				3678093A144D241400893856 /* 4Stars@2x.png */,
				3678093B144D241400893856 /* 4StarsSmall.png */,
				3678093C144D241400893856 /* 4StarsSmall@2x.png */,
				3678093D144D241400893856 /* 5Stars.png */,
				3678093E144D241400893856 /* 5Stars@2x.png */,
				3678093F144D241400893856 /* 5StarsSmall.png */,
				36780940144D241400893856 /* 5StarsSmall@2x.png */,
				36780941144D241400893856 /* Gestures.png */,
				36780942144D241400893856 /* Gestures@2x.png */,
				36780943144D241400893856 /* Players.png */,
				36780944144D241400893856 /* Players@2x.png */,
			);
			path = Images;
			sourceTree = "<group>";
		};
/* End PBXGroup section */

/* Begin PBXNativeTarget section */
		3678090A144CE70A00893856 /* CompleteRatings */ = {
			isa = PBXNativeTarget;
			buildConfigurationList = 36780929144CE70A00893856 /* Build configuration list for PBXNativeTarget "CompleteRatings" */;
			buildPhases = (
				36780907144CE70A00893856 /* Sources */,
				36780908144CE70A00893856 /* Frameworks */,
				36780909144CE70A00893856 /* Resources */,
			);
			buildRules = (
			);
			dependencies = (
			);
			name = CompleteRatings;
			productName = CompleteRatings;
			productReference = 3678090B144CE70A00893856 /* CompleteRatings.app */;
			productType = "com.apple.product-type.application";
		};
/* End PBXNativeTarget section */

/* Begin PBXProject section */
		36780902144CE70A00893856 /* Project object */ = {
			isa = PBXProject;
			attributes = {
				LastUpgradeCheck = 0420;
			};
			buildConfigurationList = 36780905144CE70A00893856 /* Build configuration list for PBXProject "CompleteRatings" */;
			compatibilityVersion = "Xcode 3.2";
			developmentRegion = English;
			hasScannedForEncodings = 0;
			knownRegions = (
				en,
			);
			mainGroup = 36780900144CE70A00893856;
			productRefGroup = 3678090C144CE70A00893856 /* Products */;
			projectDirPath = "";
			projectRoot = "";
			targets = (
				3678090A144CE70A00893856 /* CompleteRatings */,
			);
		};
/* End PBXProject section */

/* Begin PBXResourcesBuildPhase section */
		36780909144CE70A00893856 /* Resources */ = {
			isa = PBXResourcesBuildPhase;
			buildActionMask = 2147483647;
			files = (
				3678091A144CE70A00893856 /* InfoPlist.strings in Resources */,
				36780923144CE70A00893856 /* MainStoryboard.storyboard in Resources */,
				36780945144D241400893856 /* 1Star.png in Resources */,
				36780946144D241400893856 /* 1Star@2x.png in Resources */,
				36780947144D241400893856 /* 1StarSmall.png in Resources */,
				36780948144D241400893856 /* 1StarSmall@2x.png in Resources */,
				36780949144D241400893856 /* 2Stars.png in Resources */,
				3678094A144D241400893856 /* 2Stars@2x.png in Resources */,
				3678094B144D241400893856 /* 2StarsSmall.png in Resources */,
				3678094C144D241400893856 /* 2StarsSmall@2x.png in Resources */,
				3678094D144D241400893856 /* 3Stars.png in Resources */,
				3678094E144D241400893856 /* 3Stars@2x.png in Resources */,
				3678094F144D241400893856 /* 3StarsSmall.png in Resources */,
				36780950144D241400893856 /* 3StarsSmall@2x.png in Resources */,
				36780951144D241400893856 /* 4Stars.png in Resources */,
				36780952144D241400893856 /* 4Stars@2x.png in Resources */,
				36780953144D241400893856 /* 4StarsSmall.png in Resources */,
				36780954144D241400893856 /* 4StarsSmall@2x.png in Resources */,
				36780955144D241400893856 /* 5Stars.png in Resources */,
				36780956144D241400893856 /* 5Stars@2x.png in Resources */,
				36780957144D241400893856 /* 5StarsSmall.png in Resources */,
				36780958144D241400893856 /* 5StarsSmall@2x.png in Resources */,
				36780959144D241400893856 /* Gestures.png in Resources */,
				3678095A144D241400893856 /* Gestures@2x.png in Resources */,
				3678095B144D241400893856 /* Players.png in Resources */,
				3678095C144D241400893856 /* Players@2x.png in Resources */,
			);
			runOnlyForDeploymentPostprocessing = 0;
		};
/* End PBXResourcesBuildPhase section */

/* Begin PBXSourcesBuildPhase section */
		36780907144CE70A00893856 /* Sources */ = {
			isa = PBXSourcesBuildPhase;
			buildActionMask = 2147483647;
			files = (
				3678091C144CE70A00893856 /* main.m in Sources */,
				36780920144CE70A00893856 /* AppDelegate.m in Sources */,
				36780926144CE70A00893856 /* ViewController.m in Sources */,
				3678095F144D25E500893856 /* PlayersViewController.m in Sources */,
				36780962144D265B00893856 /* Player.m in Sources */,
				3678096F144D44B100893856 /* PlayerCell.m in Sources */,
				36649355144E514100A999D2 /* PlayerDetailsViewController.m in Sources */,
				36649359144EAE9700A999D2 /* GamePickerViewController.m in Sources */,
			);
			runOnlyForDeploymentPostprocessing = 0;
		};
/* End PBXSourcesBuildPhase section */

/* Begin PBXVariantGroup section */
		36780918144CE70A00893856 /* InfoPlist.strings */ = {
			isa = PBXVariantGroup;
			children = (
				36780919144CE70A00893856 /* en */,
			);
			name = InfoPlist.strings;
			sourceTree = "<group>";
		};
		36780921144CE70A00893856 /* MainStoryboard.storyboard */ = {
			isa = PBXVariantGroup;
			children = (
				36780922144CE70A00893856 /* en */,
			);
			name = MainStoryboard.storyboard;
			sourceTree = "<group>";
		};
/* End PBXVariantGroup section */

/* Begin XCBuildConfiguration section */
		36780927144CE70A00893856 /* Debug */ = {
			isa = XCBuildConfiguration;
			buildSettings = {
				ALWAYS_SEARCH_USER_PATHS = NO;
				ARCHS = "$(ARCHS_STANDARD_32_BIT)";
				CLANG_ENABLE_OBJC_ARC = YES;
				"CODE_SIGN_IDENTITY[sdk=iphoneos*]" = "iPhone Developer";
				COPY_PHASE_STRIP = NO;
				GCC_C_LANGUAGE_STANDARD = gnu99;
				GCC_DYNAMIC_NO_PIC = NO;
				GCC_OPTIMIZATION_LEVEL = 0;
				GCC_PREPROCESSOR_DEFINITIONS = (
					"DEBUG=1",
					"$(inherited)",
				);
				GCC_SYMBOLS_PRIVATE_EXTERN = NO;
				GCC_VERSION = com.apple.compilers.llvm.clang.1_0;
				GCC_WARN_ABOUT_MISSING_PROTOTYPES = YES;
				GCC_WARN_ABOUT_RETURN_TYPE = YES;
				GCC_WARN_UNUSED_VARIABLE = YES;
				IPHONEOS_DEPLOYMENT_TARGET = 5.0;
				SDKROOT = iphoneos;
			};
			name = Debug;
		};
		36780928144CE70A00893856 /* Release */ = {
			isa = XCBuildConfiguration;
			buildSettings = {
				ALWAYS_SEARCH_USER_PATHS = NO;
				ARCHS = "$(ARCHS_STANDARD_32_BIT)";
				CLANG_ENABLE_OBJC_ARC = YES;
				"CODE_SIGN_IDENTITY[sdk=iphoneos*]" = "iPhone Developer";
				COPY_PHASE_STRIP = YES;
				GCC_C_LANGUAGE_STANDARD = gnu99;
				GCC_VERSION = com.apple.compilers.llvm.clang.1_0;
				GCC_WARN_ABOUT_MISSING_PROTOTYPES = YES;
				GCC_WARN_ABOUT_RETURN_TYPE = YES;
				GCC_WARN_UNUSED_VARIABLE = YES;
				IPHONEOS_DEPLOYMENT_TARGET = 5.0;
				OTHER_CFLAGS = "-DNS_BLOCK_ASSERTIONS=1";
				SDKROOT = iphoneos;
				VALIDATE_PRODUCT = YES;
			};
			name = Release;
		};
		3678092A144CE70A00893856 /* Debug */ = {
			isa = XCBuildConfiguration;
			buildSettings = {
				GCC_PRECOMPILE_PREFIX_HEADER = YES;
				GCC_PREFIX_HEADER = "CompleteRatings/CompleteRatings-Prefix.pch";
				INFOPLIST_FILE = "CompleteRatings/CompleteRatings-Info.plist";
				PRODUCT_NAME = "$(TARGET_NAME)";
				WRAPPER_EXTENSION = app;
			};
			name = Debug;
		};
		3678092B144CE70A00893856 /* Release */ = {
			isa = XCBuildConfiguration;
			buildSettings = {
				GCC_PRECOMPILE_PREFIX_HEADER = YES;
				GCC_PREFIX_HEADER = "CompleteRatings/CompleteRatings-Prefix.pch";
				INFOPLIST_FILE = "CompleteRatings/CompleteRatings-Info.plist";
				PRODUCT_NAME = "$(TARGET_NAME)";
				WRAPPER_EXTENSION = app;
			};
			name = Release;
		};
/* End XCBuildConfiguration section */

/* Begin XCConfigurationList section */
		36780905144CE70A00893856 /* Build configuration list for PBXProject "CompleteRatings" */ = {
			isa = XCConfigurationList;
			buildConfigurations = (
				36780927144CE70A00893856 /* Debug */,
				36780928144CE70A00893856 /* Release */,
			);
			defaultConfigurationIsVisible = 0;
			defaultConfigurationName = Release;
		};
		36780929144CE70A00893856 /* Build configuration list for PBXNativeTarget "CompleteRatings" */ = {
			isa = XCConfigurationList;
			buildConfigurations = (
				3678092A144CE70A00893856 /* Debug */,
				3678092B144CE70A00893856 /* Release */,
			);
			defaultConfigurationIsVisible = 0;
			defaultConfigurationName = Release;
		};
/* End XCConfigurationList section */
	};
	rootObject = 36780902144CE70A00893856 /* Project object */;
}
